
Microsoft Visual Studio Solution File, Format Version 12.00
# Visual Studio Version 17
VisualStudioVersion = 17.3.32929.385
MinimumVisualStudioVersion = 10.0.40219.1
Project("{FAE04EC0-301F-11D3-BF4B-00C04F79EFBC}") = "Mod_15_LINQ", "Mod_15_LINQ\Mod_15_LINQ.csproj", "{9B5B0FA1-DD77-419E-97F1-A789CC4078AB}"
EndProject
Global
	GlobalSection(SolutionConfigurationPlatforms) = preSolution
		Debug|Any CPU = Debug|Any CPU
		Release|Any CPU = Release|Any CPU
	EndGlobalSection
	GlobalSection(ProjectConfigurationPlatforms) = postSolution
		{9B5B0FA1-DD77-419E-97F1-A789CC4078AB}.Debug|Any CPU.ActiveCfg = Debug|Any CPU
		{9B5B0FA1-DD77-419E-97F1-A789CC4078AB}.Debug|Any CPU.Build.0 = Debug|Any CPU
		{9B5B0FA1-DD77-419E-97F1-A789CC4078AB}.Release|Any CPU.ActiveCfg = Release|Any CPU
		{9B5B0FA1-DD77-419E-97F1-A789CC4078AB}.Release|Any CPU.Build.0 = Release|Any CPU
	EndGlobalSection
	GlobalSection(SolutionProperties) = preSolution
		HideSolutionNode = FALSE
	EndGlobalSection
	GlobalSection(ExtensibilityGlobals) = postSolution
		SolutionGuid = {B1C55B95-1BE0-4E1F-98A1-438A5A265EB4}
	EndGlobalSection
EndGlobal
